
Microsoft Visual Studio Solution File, Format Version 12.00
# Visual Studio Version 17
VisualStudioVersion = 17.9.34616.47
MinimumVisualStudioVersion = 10.0.40219.1
Project("{FAE04EC0-301F-11D3-BF4B-00C04F79EFBC}") = "TimelineVisualizer", "TimelineVisualizer.csproj", "{91272FCD-330F-4AEC-8BDC-D2F501CF8CD1}"
EndProject
Global
	GlobalSection(SolutionConfigurationPlatforms) = preSolution
		Debug|Any CPU = Debug|Any CPU
		Release|Any CPU = Release|Any CPU
	EndGlobalSection
	GlobalSection(ProjectConfigurationPlatforms) = postSolution
		{91272FCD-330F-4AEC-8BDC-D2F501CF8CD1}.Debug|Any CPU.ActiveCfg = Debug|Any CPU
		{91272FCD-330F-4AEC-8BDC-D2F501CF8CD1}.Debug|Any CPU.Build.0 = Debug|Any CPU
		{91272FCD-330F-4AEC-8BDC-D2F501CF8CD1}.Release|Any CPU.ActiveCfg = Release|Any CPU
		{91272FCD-330F-4AEC-8BDC-D2F501CF8CD1}.Release|Any CPU.Build.0 = Release|Any CPU
	EndGlobalSection
	GlobalSection(SolutionProperties) = preSolution
		HideSolutionNode = FALSE
	EndGlobalSection
	GlobalSection(ExtensibilityGlobals) = postSolution
		SolutionGuid = {6753D167-CEB4-4289-868D-B4B55D211610}
	EndGlobalSection
EndGlobal
